
Microsoft Visual Studio Solution File, Format Version 12.00
# Visual Studio Version 17
VisualStudioVersion = 17.14.36429.23
MinimumVisualStudioVersion = 10.0.40219.1
Project("{FAE04EC0-301F-11D3-BF4B-00C04F79EFBC}") = "ImgViewer", "ImgViewer\ImgViewer.csproj", "{911A0F2A-BEC9-413C-8977-E0766BD289CF}"
EndProject
Global
	GlobalSection(SolutionConfigurationPlatforms) = preSolution
		Debug|Any CPU = Debug|Any CPU
		Debug|x64 = Debug|x64
		Release|Any CPU = Release|Any CPU
		Release|x64 = Release|x64
	EndGlobalSection
	GlobalSection(ProjectConfigurationPlatforms) = postSolution
		{911A0F2A-BEC9-413C-8977-E0766BD289CF}.Debug|Any CPU.ActiveCfg = Debug|Any CPU
		{911A0F2A-BEC9-413C-8977-E0766BD289CF}.Debug|Any CPU.Build.0 = Debug|Any CPU
		{911A0F2A-BEC9-413C-8977-E0766BD289CF}.Debug|x64.ActiveCfg = Debug|x64
		{911A0F2A-BEC9-413C-8977-E0766BD289CF}.Debug|x64.Build.0 = Debug|x64
		{911A0F2A-BEC9-413C-8977-E0766BD289CF}.Release|Any CPU.ActiveCfg = Release|Any CPU
		{911A0F2A-BEC9-413C-8977-E0766BD289CF}.Release|Any CPU.Build.0 = Release|Any CPU
		{911A0F2A-BEC9-413C-8977-E0766BD289CF}.Release|x64.ActiveCfg = Release|Any CPU
		{911A0F2A-BEC9-413C-8977-E0766BD289CF}.Release|x64.Build.0 = Release|Any CPU
	EndGlobalSection
	GlobalSection(SolutionProperties) = preSolution
		HideSolutionNode = FALSE
	EndGlobalSection
	GlobalSection(ExtensibilityGlobals) = postSolution
		SolutionGuid = {3FCA065B-71CD-417A-A106-6D74B8B23798}
	EndGlobalSection
EndGlobal
